
Microsoft Visual Studio Solution File, Format Version 12.00
# Visual Studio 15
VisualStudioVersion = 15.0.28010.2016
MinimumVisualStudioVersion = 10.0.40219.1
Project("{9A19103F-16F7-4668-BE54-9A1E7A4F7556}") = "Xunit.Fixture.Mvc", "src\Xunit.Fixture.Mvc\Xunit.Fixture.Mvc.csproj", "{E21E12CA-7AA3-4DFC-A2B1-B69D265E6874}"
EndProject
Global
	GlobalSection(SolutionConfigurationPlatforms) = preSolution
		Debug|Any CPU = Debug|Any CPU
		Release|Any CPU = Release|Any CPU
	EndGlobalSection
	GlobalSection(ProjectConfigurationPlatforms) = postSolution
		{E21E12CA-7AA3-4DFC-A2B1-B69D265E6874}.Debug|Any CPU.ActiveCfg = Debug|Any CPU
		{E21E12CA-7AA3-4DFC-A2B1-B69D265E6874}.Debug|Any CPU.Build.0 = Debug|Any CPU
		{E21E12CA-7AA3-4DFC-A2B1-B69D265E6874}.Release|Any CPU.ActiveCfg = Release|Any CPU
		{E21E12CA-7AA3-4DFC-A2B1-B69D265E6874}.Release|Any CPU.Build.0 = Release|Any CPU
	EndGlobalSection
	GlobalSection(SolutionProperties) = preSolution
		HideSolutionNode = FALSE
	EndGlobalSection
	GlobalSection(ExtensibilityGlobals) = postSolution
		SolutionGuid = {3D716781-6865-481F-B5C7-B050E248A26A}
	EndGlobalSection
EndGlobal
